
Microsoft Visual Studio Solution File, Format Version 12.00
# Visual Studio 15
VisualStudioVersion = 15.0.28307.168
MinimumVisualStudioVersion = 10.0.40219.1
Project("{FAE04EC0-301F-11D3-BF4B-00C04F79EFBC}") = "calculatorApp", "calculatorApp\calculatorApp.csproj", "{62762E1C-FB61-4480-9838-FC92EB07CABF}"
EndProject
Global
	GlobalSection(SolutionConfigurationPlatforms) = preSolution
		Debug|Any CPU = Debug|Any CPU
		Release|Any CPU = Release|Any CPU
	EndGlobalSection
	GlobalSection(ProjectConfigurationPlatforms) = postSolution
		{62762E1C-FB61-4480-9838-FC92EB07CABF}.Debug|Any CPU.ActiveCfg = Debug|Any CPU
		{62762E1C-FB61-4480-9838-FC92EB07CABF}.Debug|Any CPU.Build.0 = Debug|Any CPU
		{62762E1C-FB61-4480-9838-FC92EB07CABF}.Release|Any CPU.ActiveCfg = Release|Any CPU
		{62762E1C-FB61-4480-9838-FC92EB07CABF}.Release|Any CPU.Build.0 = Release|Any CPU
	EndGlobalSection
	GlobalSection(SolutionProperties) = preSolution
		HideSolutionNode = FALSE
	EndGlobalSection
	GlobalSection(ExtensibilityGlobals) = postSolution
		SolutionGuid = {4F62C156-40C9-4A0F-A910-517A01D9ADA8}
	EndGlobalSection
EndGlobal
